
Microsoft Visual Studio Solution File, Format Version 12.00
# Visual Studio Version 17
VisualStudioVersion = 17.9.34728.123
MinimumVisualStudioVersion = 10.0.40219.1
Project("{8BC9CEB8-8B4A-11D0-8D11-00A0C91BC942}") = "DATAStructure_Array", "DATAStructure_Array\DATAStructure_Array.vcxproj", "{BEDB700B-741E-424D-94CA-435FE384D936}"
EndProject
Global
	GlobalSection(SolutionConfigurationPlatforms) = preSolution
		Debug|x64 = Debug|x64
		Debug|x86 = Debug|x86
		Release|x64 = Release|x64
		Release|x86 = Release|x86
	EndGlobalSection
	GlobalSection(ProjectConfigurationPlatforms) = postSolution
		{BEDB700B-741E-424D-94CA-435FE384D936}.Debug|x64.ActiveCfg = Debug|x64
		{BEDB700B-741E-424D-94CA-435FE384D936}.Debug|x64.Build.0 = Debug|x64
		{BEDB700B-741E-424D-94CA-435FE384D936}.Debug|x86.ActiveCfg = Debug|Win32
		{BEDB700B-741E-424D-94CA-435FE384D936}.Debug|x86.Build.0 = Debug|Win32
		{BEDB700B-741E-424D-94CA-435FE384D936}.Release|x64.ActiveCfg = Release|x64
		{BEDB700B-741E-424D-94CA-435FE384D936}.Release|x64.Build.0 = Release|x64
		{BEDB700B-741E-424D-94CA-435FE384D936}.Release|x86.ActiveCfg = Release|Win32
		{BEDB700B-741E-424D-94CA-435FE384D936}.Release|x86.Build.0 = Release|Win32
	EndGlobalSection
	GlobalSection(SolutionProperties) = preSolution
		HideSolutionNode = FALSE
	EndGlobalSection
	GlobalSection(ExtensibilityGlobals) = postSolution
		SolutionGuid = {3096B7E2-DF02-4ED6-A184-86C15A072707}
	EndGlobalSection
EndGlobal
